// !$*UTF8*$!
{
	archiveVersion = 1;
	classes = {
	};
	objectVersion = 56;
	objects = {

/* Begin PBXBuildFile section */
		A491E3F32A42FE1E00829A6D /* AppDelegate.swift in Sources */ = {isa = PBXBuildFile; fileRef = A491E3F22A42FE1E00829A6D /* AppDelegate.swift */; };
		A491E3F52A42FE1E00829A6D /* SceneDelegate.swift in Sources */ = {isa = PBXBuildFile; fileRef = A491E3F42A42FE1E00829A6D /* SceneDelegate.swift */; };
		A491E3F72A42FE1E00829A6D /* ViewController.swift in Sources */ = {isa = PBXBuildFile; fileRef = A491E3F62A42FE1E00829A6D /* ViewController.swift */; };
		A491E3FA2A42FE1E00829A6D /* Main.storyboard in Resources */ = {isa = PBXBuildFile; fileRef = A491E3F82A42FE1E00829A6D /* Main.storyboard */; };
		A491E3FC2A42FE1F00829A6D /* Assets.xcassets in Resources */ = {isa = PBXBuildFile; fileRef = A491E3FB2A42FE1F00829A6D /* Assets.xcassets */; };
		A491E3FF2A42FE1F00829A6D /* LaunchScreen.storyboard in Resources */ = {isa = PBXBuildFile; fileRef = A491E3FD2A42FE1F00829A6D /* LaunchScreen.storyboard */; };
		A491E4072A42FE5400829A6D /* ResultViewController.swift in Sources */ = {isa = PBXBuildFile; fileRef = A491E4062A42FE5400829A6D /* ResultViewController.swift */; };
		A491E4092A42FEDA00829A6D /* GooglePlaces.xcframework in Frameworks */ = {isa = PBXBuildFile; fileRef = A491E4082A42FEDA00829A6D /* GooglePlaces.xcframework */; };
		A491E40B2A42FEE100829A6D /* GoogleMapsBase.xcframework in Frameworks */ = {isa = PBXBuildFile; fileRef = A491E40A2A42FEE100829A6D /* GoogleMapsBase.xcframework */; };
		A491E40D2A42FEE800829A6D /* GoogleMapsCore.xcframework in Frameworks */ = {isa = PBXBuildFile; fileRef = A491E40C2A42FEE800829A6D /* GoogleMapsCore.xcframework */; };
		A491E4132A42FF2500829A6D /* GooglePlaces.bundle in Resources */ = {isa = PBXBuildFile; fileRef = A491E4122A42FF2500829A6D /* GooglePlaces.bundle */; };
		A491E4172A42FF5100829A6D /* GoogleMaps.xcframework in Frameworks */ = {isa = PBXBuildFile; fileRef = A491E4162A42FF5100829A6D /* GoogleMaps.xcframework */; };
		A491E4192A42FF6000829A6D /* GoogleMaps.bundle in Resources */ = {isa = PBXBuildFile; fileRef = A491E4182A42FF6000829A6D /* GoogleMaps.bundle */; };
		A491E41B2A42FFC800829A6D /* GooglePlacesManager.swift in Sources */ = {isa = PBXBuildFile; fileRef = A491E41A2A42FFC800829A6D /* GooglePlacesManager.swift */; };
		A491E41E2A42FFF400829A6D /* UIKit.framework in Frameworks */ = {isa = PBXBuildFile; fileRef = A491E41D2A42FFF400829A6D /* UIKit.framework */; };
		A491E4202A42FFFB00829A6D /* SystemConfiguration.framework in Frameworks */ = {isa = PBXBuildFile; fileRef = A491E41F2A42FFFB00829A6D /* SystemConfiguration.framework */; };
		A491E4222A43000300829A6D /* QuartzCore.framework in Frameworks */ = {isa = PBXBuildFile; fileRef = A491E4212A43000300829A6D /* QuartzCore.framework */; };
		A491E4242A43000B00829A6D /* OpenGLES.framework in Frameworks */ = {isa = PBXBuildFile; fileRef = A491E4232A43000A00829A6D /* OpenGLES.framework */; };
		A491E4262A43001600829A6D /* Metal.framework in Frameworks */ = {isa = PBXBuildFile; fileRef = A491E4252A43001600829A6D /* Metal.framework */; };
		A491E42A2A43004D00829A6D /* ImageIO.framework in Frameworks */ = {isa = PBXBuildFile; fileRef = A491E4292A43004D00829A6D /* ImageIO.framework */; };
		A491E42C2A43005C00829A6D /* GLKit.framework in Frameworks */ = {isa = PBXBuildFile; fileRef = A491E42B2A43005C00829A6D /* GLKit.framework */; };
		A491E42E2A43006500829A6D /* CoreText.framework in Frameworks */ = {isa = PBXBuildFile; fileRef = A491E42D2A43006500829A6D /* CoreText.framework */; };
		A491E4302A43007100829A6D /* CoreLocation.framework in Frameworks */ = {isa = PBXBuildFile; fileRef = A491E42F2A43007100829A6D /* CoreLocation.framework */; };
		A491E4322A43007C00829A6D /* CoreTelephony.framework in Frameworks */ = {isa = PBXBuildFile; fileRef = A491E4312A43007C00829A6D /* CoreTelephony.framework */; };
		A491E4342A43008A00829A6D /* CoreImage.framework in Frameworks */ = {isa = PBXBuildFile; fileRef = A491E4332A43008A00829A6D /* CoreImage.framework */; };
		A491E4362A43009400829A6D /* CoreGraphics.framework in Frameworks */ = {isa = PBXBuildFile; fileRef = A491E4352A43009400829A6D /* CoreGraphics.framework */; };
		A491E4382A43009C00829A6D /* CoreData.framework in Frameworks */ = {isa = PBXBuildFile; fileRef = A491E4372A43009C00829A6D /* CoreData.framework */; };
		A491E43A2A4300A400829A6D /* Accelerate.framework in Frameworks */ = {isa = PBXBuildFile; fileRef = A491E4392A4300A400829A6D /* Accelerate.framework */; };
		A491E43B2A4300C100829A6D /* libc++.tbd in Frameworks */ = {isa = PBXBuildFile; fileRef = A491E4282A43004100829A6D /* libc++.tbd */; };
		A491E43C2A4300CC00829A6D /* libz.tbd in Frameworks */ = {isa = PBXBuildFile; fileRef = A491E4272A43003300829A6D /* libz.tbd */; };
/* End PBXBuildFile section */

/* Begin PBXFileReference section */
		A491E3EF2A42FE1E00829A6D /* googleSearchPlace.app */ = {isa = PBXFileReference; explicitFileType = wrapper.application; includeInIndex = 0; path = googleSearchPlace.app; sourceTree = BUILT_PRODUCTS_DIR; };
		A491E3F22A42FE1E00829A6D /* AppDelegate.swift */ = {isa = PBXFileReference; lastKnownFileType = sourcecode.swift; path = AppDelegate.swift; sourceTree = "<group>"; };
		A491E3F42A42FE1E00829A6D /* SceneDelegate.swift */ = {isa = PBXFileReference; lastKnownFileType = sourcecode.swift; path = SceneDelegate.swift; sourceTree = "<group>"; };
		A491E3F62A42FE1E00829A6D /* ViewController.swift */ = {isa = PBXFileReference; lastKnownFileType = sourcecode.swift; path = ViewController.swift; sourceTree = "<group>"; };
		A491E3F92A42FE1E00829A6D /* Base */ = {isa = PBXFileReference; lastKnownFileType = file.storyboard; name = Base; path = Base.lproj/Main.storyboard; sourceTree = "<group>"; };
		A491E3FB2A42FE1F00829A6D /* Assets.xcassets */ = {isa = PBXFileReference; lastKnownFileType = folder.assetcatalog; path = Assets.xcassets; sourceTree = "<group>"; };
		A491E3FE2A42FE1F00829A6D /* Base */ = {isa = PBXFileReference; lastKnownFileType = file.storyboard; name = Base; path = Base.lproj/LaunchScreen.storyboard; sourceTree = "<group>"; };
		A491E4002A42FE1F00829A6D /* Info.plist */ = {isa = PBXFileReference; lastKnownFileType = text.plist.xml; path = Info.plist; sourceTree = "<group>"; };
		A491E4062A42FE5400829A6D /* ResultViewController.swift */ = {isa = PBXFileReference; lastKnownFileType = sourcecode.swift; path = ResultViewController.swift; sourceTree = "<group>"; };
		A491E4082A42FEDA00829A6D /* GooglePlaces.xcframework */ = {isa = PBXFileReference; lastKnownFileType = wrapper.xcframework; path = GooglePlaces.xcframework; sourceTree = "<group>"; };
		A491E40A2A42FEE100829A6D /* GoogleMapsBase.xcframework */ = {isa = PBXFileReference; lastKnownFileType = wrapper.xcframework; path = GoogleMapsBase.xcframework; sourceTree = "<group>"; };
		A491E40C2A42FEE800829A6D /* GoogleMapsCore.xcframework */ = {isa = PBXFileReference; lastKnownFileType = wrapper.xcframework; path = GoogleMapsCore.xcframework; sourceTree = "<group>"; };
		A491E4122A42FF2500829A6D /* GooglePlaces.bundle */ = {isa = PBXFileReference; lastKnownFileType = "wrapper.plug-in"; name = GooglePlaces.bundle; path = "GooglePlaces.xcframework/ios-arm64_x86_64-simulator/GooglePlaces.framework/Resources/GooglePlaces.bundle"; sourceTree = "<group>"; };
		A491E4162A42FF5100829A6D /* GoogleMaps.xcframework */ = {isa = PBXFileReference; lastKnownFileType = wrapper.xcframework; name = GoogleMaps.xcframework; path = "../../../Downloads/GoogleMaps-8.0.0 2/Maps/Frameworks/GoogleMaps.xcframework"; sourceTree = "<group>"; };
		A491E4182A42FF6000829A6D /* GoogleMaps.bundle */ = {isa = PBXFileReference; lastKnownFileType = "wrapper.plug-in"; name = GoogleMaps.bundle; path = "../../../Downloads/GoogleMaps-8.0.0 2/Maps/Frameworks/GoogleMaps.xcframework/ios-arm64_x86_64-simulator/GoogleMaps.framework/Resources/GoogleMaps.bundle"; sourceTree = "<group>"; };
		A491E41A2A42FFC800829A6D /* GooglePlacesManager.swift */ = {isa = PBXFileReference; lastKnownFileType = sourcecode.swift; path = GooglePlacesManager.swift; sourceTree = "<group>"; };
		A491E41D2A42FFF400829A6D /* UIKit.framework */ = {isa = PBXFileReference; lastKnownFileType = wrapper.framework; name = UIKit.framework; path = System/Library/Frameworks/UIKit.framework; sourceTree = SDKROOT; };
		A491E41F2A42FFFB00829A6D /* SystemConfiguration.framework */ = {isa = PBXFileReference; lastKnownFileType = wrapper.framework; name = SystemConfiguration.framework; path = System/Library/Frameworks/SystemConfiguration.framework; sourceTree = SDKROOT; };
		A491E4212A43000300829A6D /* QuartzCore.framework */ = {isa = PBXFileReference; lastKnownFileType = wrapper.framework; name = QuartzCore.framework; path = System/Library/Frameworks/QuartzCore.framework; sourceTree = SDKROOT; };
		A491E4232A43000A00829A6D /* OpenGLES.framework */ = {isa = PBXFileReference; lastKnownFileType = wrapper.framework; name = OpenGLES.framework; path = System/Library/Frameworks/OpenGLES.framework; sourceTree = SDKROOT; };
		A491E4252A43001600829A6D /* Metal.framework */ = {isa = PBXFileReference; lastKnownFileType = wrapper.framework; name = Metal.framework; path = System/Library/Frameworks/Metal.framework; sourceTree = SDKROOT; };
		A491E4272A43003300829A6D /* libz.tbd */ = {isa = PBXFileReference; lastKnownFileType = "sourcecode.text-based-dylib-definition"; name = libz.tbd; path = usr/lib/libz.tbd; sourceTree = SDKROOT; };
		A491E4282A43004100829A6D /* libc++.tbd */ = {isa = PBXFileReference; lastKnownFileType = "sourcecode.text-based-dylib-definition"; name = "libc++.tbd"; path = "usr/lib/libc++.tbd"; sourceTree = SDKROOT; };
		A491E4292A43004D00829A6D /* ImageIO.framework */ = {isa = PBXFileReference; lastKnownFileType = wrapper.framework; name = ImageIO.framework; path = System/Library/Frameworks/ImageIO.framework; sourceTree = SDKROOT; };
		A491E42B2A43005C00829A6D /* GLKit.framework */ = {isa = PBXFileReference; lastKnownFileType = wrapper.framework; name = GLKit.framework; path = System/Library/Frameworks/GLKit.framework; sourceTree = SDKROOT; };
		A491E42D2A43006500829A6D /* CoreText.framework */ = {isa = PBXFileReference; lastKnownFileType = wrapper.framework; name = CoreText.framework; path = System/Library/Frameworks/CoreText.framework; sourceTree = SDKROOT; };
		A491E42F2A43007100829A6D /* CoreLocation.framework */ = {isa = PBXFileReference; lastKnownFileType = wrapper.framework; name = CoreLocation.framework; path = System/Library/Frameworks/CoreLocation.framework; sourceTree = SDKROOT; };
		A491E4312A43007C00829A6D /* CoreTelephony.framework */ = {isa = PBXFileReference; lastKnownFileType = wrapper.framework; name = CoreTelephony.framework; path = System/Library/Frameworks/CoreTelephony.framework; sourceTree = SDKROOT; };
		A491E4332A43008A00829A6D /* CoreImage.framework */ = {isa = PBXFileReference; lastKnownFileType = wrapper.framework; name = CoreImage.framework; path = System/Library/Frameworks/CoreImage.framework; sourceTree = SDKROOT; };
		A491E4352A43009400829A6D /* CoreGraphics.framework */ = {isa = PBXFileReference; lastKnownFileType = wrapper.framework; name = CoreGraphics.framework; path = System/Library/Frameworks/CoreGraphics.framework; sourceTree = SDKROOT; };
		A491E4372A43009C00829A6D /* CoreData.framework */ = {isa = PBXFileReference; lastKnownFileType = wrapper.framework; name = CoreData.framework; path = System/Library/Frameworks/CoreData.framework; sourceTree = SDKROOT; };
		A491E4392A4300A400829A6D /* Accelerate.framework */ = {isa = PBXFileReference; lastKnownFileType = wrapper.framework; name = Accelerate.framework; path = System/Library/Frameworks/Accelerate.framework; sourceTree = SDKROOT; };
/* End PBXFileReference section */

/* Begin PBXFrameworksBuildPhase section */
		A491E3EC2A42FE1E00829A6D /* Frameworks */ = {
			isa = PBXFrameworksBuildPhase;
			buildActionMask = 2147483647;
			files = (
				A491E40D2A42FEE800829A6D /* GoogleMapsCore.xcframework in Frameworks */,
				A491E4262A43001600829A6D /* Metal.framework in Frameworks */,
				A491E4342A43008A00829A6D /* CoreImage.framework in Frameworks */,
				A491E4322A43007C00829A6D /* CoreTelephony.framework in Frameworks */,
				A491E43B2A4300C100829A6D /* libc++.tbd in Frameworks */,
				A491E4302A43007100829A6D /* CoreLocation.framework in Frameworks */,
				A491E40B2A42FEE100829A6D /* GoogleMapsBase.xcframework in Frameworks */,
				A491E42C2A43005C00829A6D /* GLKit.framework in Frameworks */,
				A491E4222A43000300829A6D /* QuartzCore.framework in Frameworks */,
				A491E43C2A4300CC00829A6D /* libz.tbd in Frameworks */,
				A491E42A2A43004D00829A6D /* ImageIO.framework in Frameworks */,
				A491E4242A43000B00829A6D /* OpenGLES.framework in Frameworks */,
				A491E4092A42FEDA00829A6D /* GooglePlaces.xcframework in Frameworks */,
				A491E42E2A43006500829A6D /* CoreText.framework in Frameworks */,
				A491E4362A43009400829A6D /* CoreGraphics.framework in Frameworks */,
				A491E4172A42FF5100829A6D /* GoogleMaps.xcframework in Frameworks */,
				A491E4202A42FFFB00829A6D /* SystemConfiguration.framework in Frameworks */,
				A491E43A2A4300A400829A6D /* Accelerate.framework in Frameworks */,
				A491E41E2A42FFF400829A6D /* UIKit.framework in Frameworks */,
				A491E4382A43009C00829A6D /* CoreData.framework in Frameworks */,
			);
			runOnlyForDeploymentPostprocessing = 0;
		};
/* End PBXFrameworksBuildPhase section */

/* Begin PBXGroup section */
		A491E3E62A42FE1E00829A6D = {
			isa = PBXGroup;
			children = (
				A491E3F12A42FE1E00829A6D /* googleSearchPlace */,
				A491E3F02A42FE1E00829A6D /* Products */,
				A491E41C2A42FFF400829A6D /* Frameworks */,
			);
			sourceTree = "<group>";
		};
		A491E3F02A42FE1E00829A6D /* Products */ = {
			isa = PBXGroup;
			children = (
				A491E3EF2A42FE1E00829A6D /* googleSearchPlace.app */,
			);
			name = Products;
			sourceTree = "<group>";
		};
		A491E3F12A42FE1E00829A6D /* googleSearchPlace */ = {
			isa = PBXGroup;
			children = (
				A491E3F22A42FE1E00829A6D /* AppDelegate.swift */,
				A491E3F42A42FE1E00829A6D /* SceneDelegate.swift */,
				A491E3F62A42FE1E00829A6D /* ViewController.swift */,
				A491E4062A42FE5400829A6D /* ResultViewController.swift */,
				A491E3F82A42FE1E00829A6D /* Main.storyboard */,
				A491E3FB2A42FE1F00829A6D /* Assets.xcassets */,
				A491E3FD2A42FE1F00829A6D /* LaunchScreen.storyboard */,
				A491E4082A42FEDA00829A6D /* GooglePlaces.xcframework */,
				A491E40A2A42FEE100829A6D /* GoogleMapsBase.xcframework */,
				A491E40C2A42FEE800829A6D /* GoogleMapsCore.xcframework */,
				A491E4162A42FF5100829A6D /* GoogleMaps.xcframework */,
				A491E4002A42FE1F00829A6D /* Info.plist */,
				A491E4182A42FF6000829A6D /* GoogleMaps.bundle */,
				A491E4122A42FF2500829A6D /* GooglePlaces.bundle */,
				A491E41A2A42FFC800829A6D /* GooglePlacesManager.swift */,
			);
			path = googleSearchPlace;
			sourceTree = "<group>";
		};
		A491E41C2A42FFF400829A6D /* Frameworks */ = {
			isa = PBXGroup;
			children = (
				A491E4392A4300A400829A6D /* Accelerate.framework */,
				A491E4372A43009C00829A6D /* CoreData.framework */,
				A491E4352A43009400829A6D /* CoreGraphics.framework */,
				A491E4332A43008A00829A6D /* CoreImage.framework */,
				A491E4312A43007C00829A6D /* CoreTelephony.framework */,
				A491E42F2A43007100829A6D /* CoreLocation.framework */,
				A491E42D2A43006500829A6D /* CoreText.framework */,
				A491E42B2A43005C00829A6D /* GLKit.framework */,
				A491E4292A43004D00829A6D /* ImageIO.framework */,
				A491E4282A43004100829A6D /* libc++.tbd */,
				A491E4272A43003300829A6D /* libz.tbd */,
				A491E4252A43001600829A6D /* Metal.framework */,
				A491E4232A43000A00829A6D /* OpenGLES.framework */,
				A491E4212A43000300829A6D /* QuartzCore.framework */,
				A491E41F2A42FFFB00829A6D /* SystemConfiguration.framework */,
				A491E41D2A42FFF400829A6D /* UIKit.framework */,
			);
			name = Frameworks;
			sourceTree = "<group>";
		};
/* End PBXGroup section */

/* Begin PBXNativeTarget section */
		A491E3EE2A42FE1E00829A6D /* googleSearchPlace */ = {
			isa = PBXNativeTarget;
			buildConfigurationList = A491E4032A42FE1F00829A6D /* Build configuration list for PBXNativeTarget "googleSearchPlace" */;
			buildPhases = (
				A491E3EB2A42FE1E00829A6D /* Sources */,
				A491E3EC2A42FE1E00829A6D /* Frameworks */,
				A491E3ED2A42FE1E00829A6D /* Resources */,
			);
			buildRules = (
			);
			dependencies = (
			);
			name = googleSearchPlace;
			productName = googleSearchPlace;
			productReference = A491E3EF2A42FE1E00829A6D /* googleSearchPlace.app */;
			productType = "com.apple.product-type.application";
		};
/* End PBXNativeTarget section */

/* Begin PBXProject section */
		A491E3E72A42FE1E00829A6D /* Project object */ = {
			isa = PBXProject;
			attributes = {
				BuildIndependentTargetsInParallel = 1;
				LastSwiftUpdateCheck = 1420;
				LastUpgradeCheck = 1420;
				TargetAttributes = {
					A491E3EE2A42FE1E00829A6D = {
						CreatedOnToolsVersion = 14.2;
					};
				};
			};
			buildConfigurationList = A491E3EA2A42FE1E00829A6D /* Build configuration list for PBXProject "googleSearchPlace" */;
			compatibilityVersion = "Xcode 14.0";
			developmentRegion = en;
			hasScannedForEncodings = 0;
			knownRegions = (
				en,
				Base,
			);
			mainGroup = A491E3E62A42FE1E00829A6D;
			productRefGroup = A491E3F02A42FE1E00829A6D /* Products */;
			projectDirPath = "";
			projectRoot = "";
			targets = (
				A491E3EE2A42FE1E00829A6D /* googleSearchPlace */,
			);
		};
/* End PBXProject section */

/* Begin PBXResourcesBuildPhase section */
		A491E3ED2A42FE1E00829A6D /* Resources */ = {
			isa = PBXResourcesBuildPhase;
			buildActionMask = 2147483647;
			files = (
				A491E3FF2A42FE1F00829A6D /* LaunchScreen.storyboard in Resources */,
				A491E3FC2A42FE1F00829A6D /* Assets.xcassets in Resources */,
				A491E3FA2A42FE1E00829A6D /* Main.storyboard in Resources */,
				A491E4132A42FF2500829A6D /* GooglePlaces.bundle in Resources */,
				A491E4192A42FF6000829A6D /* GoogleMaps.bundle in Resources */,
			);
			runOnlyForDeploymentPostprocessing = 0;
		};
/* End PBXResourcesBuildPhase section */

/* Begin PBXSourcesBuildPhase section */
		A491E3EB2A42FE1E00829A6D /* Sources */ = {
			isa = PBXSourcesBuildPhase;
			buildActionMask = 2147483647;
			files = (
				A491E3F72A42FE1E00829A6D /* ViewController.swift in Sources */,
				A491E3F32A42FE1E00829A6D /* AppDelegate.swift in Sources */,
				A491E3F52A42FE1E00829A6D /* SceneDelegate.swift in Sources */,
				A491E4072A42FE5400829A6D /* ResultViewController.swift in Sources */,
				A491E41B2A42FFC800829A6D /* GooglePlacesManager.swift in Sources */,
			);
			runOnlyForDeploymentPostprocessing = 0;
		};
/* End PBXSourcesBuildPhase section */

/* Begin PBXVariantGroup section */
		A491E3F82A42FE1E00829A6D /* Main.storyboard */ = {
			isa = PBXVariantGroup;
			children = (
				A491E3F92A42FE1E00829A6D /* Base */,
			);
			name = Main.storyboard;
			sourceTree = "<group>";
		};
		A491E3FD2A42FE1F00829A6D /* LaunchScreen.storyboard */ = {
			isa = PBXVariantGroup;
			children = (
				A491E3FE2A42FE1F00829A6D /* Base */,
			);
			name = LaunchScreen.storyboard;
			sourceTree = "<group>";
		};
/* End PBXVariantGroup section */

/* Begin XCBuildConfiguration section */
		A491E4012A42FE1F00829A6D /* Debug */ = {
			isa = XCBuildConfiguration;
			buildSettings = {
				ALWAYS_SEARCH_USER_PATHS = NO;
				CLANG_ANALYZER_NONNULL = YES;
				CLANG_ANALYZER_NUMBER_OBJECT_CONVERSION = YES_AGGRESSIVE;
				CLANG_CXX_LANGUAGE_STANDARD = "gnu++20";
				CLANG_ENABLE_MODULES = YES;
				CLANG_ENABLE_OBJC_ARC = YES;
				CLANG_ENABLE_OBJC_WEAK = YES;
				CLANG_WARN_BLOCK_CAPTURE_AUTORELEASING = YES;
				CLANG_WARN_BOOL_CONVERSION = YES;
				CLANG_WARN_COMMA = YES;
				CLANG_WARN_CONSTANT_CONVERSION = YES;
				CLANG_WARN_DEPRECATED_OBJC_IMPLEMENTATIONS = YES;
				CLANG_WARN_DIRECT_OBJC_ISA_USAGE = YES_ERROR;
				CLANG_WARN_DOCUMENTATION_COMMENTS = YES;
				CLANG_WARN_EMPTY_BODY = YES;
				CLANG_WARN_ENUM_CONVERSION = YES;
				CLANG_WARN_INFINITE_RECURSION = YES;
				CLANG_WARN_INT_CONVERSION = YES;
				CLANG_WARN_NON_LITERAL_NULL_CONVERSION = YES;
				CLANG_WARN_OBJC_IMPLICIT_RETAIN_SELF = YES;
				CLANG_WARN_OBJC_LITERAL_CONVERSION = YES;
				CLANG_WARN_OBJC_ROOT_CLASS = YES_ERROR;
				CLANG_WARN_QUOTED_INCLUDE_IN_FRAMEWORK_HEADER = YES;
				CLANG_WARN_RANGE_LOOP_ANALYSIS = YES;
				CLANG_WARN_STRICT_PROTOTYPES = YES;
				CLANG_WARN_SUSPICIOUS_MOVE = YES;
				CLANG_WARN_UNGUARDED_AVAILABILITY = YES_AGGRESSIVE;
				CLANG_WARN_UNREACHABLE_CODE = YES;
				CLANG_WARN__DUPLICATE_METHOD_MATCH = YES;
				COPY_PHASE_STRIP = NO;
				DEBUG_INFORMATION_FORMAT = dwarf;
				ENABLE_STRICT_OBJC_MSGSEND = YES;
				ENABLE_TESTABILITY = YES;
				GCC_C_LANGUAGE_STANDARD = gnu11;
				GCC_DYNAMIC_NO_PIC = NO;
				GCC_NO_COMMON_BLOCKS = YES;
				GCC_OPTIMIZATION_LEVEL = 0;
				GCC_PREPROCESSOR_DEFINITIONS = (
					"DEBUG=1",
					"$(inherited)",
				);
				GCC_WARN_64_TO_32_BIT_CONVERSION = YES;
				GCC_WARN_ABOUT_RETURN_TYPE = YES_ERROR;
				GCC_WARN_UNDECLARED_SELECTOR = YES;
				GCC_WARN_UNINITIALIZED_AUTOS = YES_AGGRESSIVE;
				GCC_WARN_UNUSED_FUNCTION = YES;
				GCC_WARN_UNUSED_VARIABLE = YES;
				IPHONEOS_DEPLOYMENT_TARGET = 16.2;
				MTL_ENABLE_DEBUG_INFO = INCLUDE_SOURCE;
				MTL_FAST_MATH = YES;
				ONLY_ACTIVE_ARCH = YES;
				SDKROOT = iphoneos;
				SWIFT_ACTIVE_COMPILATION_CONDITIONS = DEBUG;
				SWIFT_OPTIMIZATION_LEVEL = "-Onone";
			};
			name = Debug;
		};
		A491E4022A42FE1F00829A6D /* Release */ = {
			isa = XCBuildConfiguration;
			buildSettings = {
				ALWAYS_SEARCH_USER_PATHS = NO;
				CLANG_ANALYZER_NONNULL = YES;
				CLANG_ANALYZER_NUMBER_OBJECT_CONVERSION = YES_AGGRESSIVE;
				CLANG_CXX_LANGUAGE_STANDARD = "gnu++20";
				CLANG_ENABLE_MODULES = YES;
				CLANG_ENABLE_OBJC_ARC = YES;
				CLANG_ENABLE_OBJC_WEAK = YES;
				CLANG_WARN_BLOCK_CAPTURE_AUTORELEASING = YES;
				CLANG_WARN_BOOL_CONVERSION = YES;
				CLANG_WARN_COMMA = YES;
				CLANG_WARN_CONSTANT_CONVERSION = YES;
				CLANG_WARN_DEPRECATED_OBJC_IMPLEMENTATIONS = YES;
				CLANG_WARN_DIRECT_OBJC_ISA_USAGE = YES_ERROR;
				CLANG_WARN_DOCUMENTATION_COMMENTS = YES;
				CLANG_WARN_EMPTY_BODY = YES;
				CLANG_WARN_ENUM_CONVERSION = YES;
				CLANG_WARN_INFINITE_RECURSION = YES;
				CLANG_WARN_INT_CONVERSION = YES;
				CLANG_WARN_NON_LITERAL_NULL_CONVERSION = YES;
				CLANG_WARN_OBJC_IMPLICIT_RETAIN_SELF = YES;
				CLANG_WARN_OBJC_LITERAL_CONVERSION = YES;
				CLANG_WARN_OBJC_ROOT_CLASS = YES_ERROR;
				CLANG_WARN_QUOTED_INCLUDE_IN_FRAMEWORK_HEADER = YES;
				CLANG_WARN_RANGE_LOOP_ANALYSIS = YES;
				CLANG_WARN_STRICT_PROTOTYPES = YES;
				CLANG_WARN_SUSPICIOUS_MOVE = YES;
				CLANG_WARN_UNGUARDED_AVAILABILITY = YES_AGGRESSIVE;
				CLANG_WARN_UNREACHABLE_CODE = YES;
				CLANG_WARN__DUPLICATE_METHOD_MATCH = YES;
				COPY_PHASE_STRIP = NO;
				DEBUG_INFORMATION_FORMAT = "dwarf-with-dsym";
				ENABLE_NS_ASSERTIONS = NO;
				ENABLE_STRICT_OBJC_MSGSEND = YES;
				GCC_C_LANGUAGE_STANDARD = gnu11;
				GCC_NO_COMMON_BLOCKS = YES;
				GCC_WARN_64_TO_32_BIT_CONVERSION = YES;
				GCC_WARN_ABOUT_RETURN_TYPE = YES_ERROR;
				GCC_WARN_UNDECLARED_SELECTOR = YES;
				GCC_WARN_UNINITIALIZED_AUTOS = YES_AGGRESSIVE;
				GCC_WARN_UNUSED_FUNCTION = YES;
				GCC_WARN_UNUSED_VARIABLE = YES;
				IPHONEOS_DEPLOYMENT_TARGET = 16.2;
				MTL_ENABLE_DEBUG_INFO = NO;
				MTL_FAST_MATH = YES;
				SDKROOT = iphoneos;
				SWIFT_COMPILATION_MODE = wholemodule;
				SWIFT_OPTIMIZATION_LEVEL = "-O";
				VALIDATE_PRODUCT = YES;
			};
			name = Release;
		};
		A491E4042A42FE1F00829A6D /* Debug */ = {
			isa = XCBuildConfiguration;
			buildSettings = {
				ASSETCATALOG_COMPILER_APPICON_NAME = AppIcon;
				ASSETCATALOG_COMPILER_GLOBAL_ACCENT_COLOR_NAME = AccentColor;
				CODE_SIGN_STYLE = Automatic;
				CURRENT_PROJECT_VERSION = 1;
				DEVELOPMENT_TEAM = NF9R7KNMC7;
				GENERATE_INFOPLIST_FILE = YES;
				INFOPLIST_FILE = googleSearchPlace/Info.plist;
				INFOPLIST_KEY_UIApplicationSupportsIndirectInputEvents = YES;
				INFOPLIST_KEY_UILaunchStoryboardName = LaunchScreen;
				INFOPLIST_KEY_UIMainStoryboardFile = Main;
				INFOPLIST_KEY_UISupportedInterfaceOrientations_iPad = "UIInterfaceOrientationPortrait UIInterfaceOrientationPortraitUpsideDown UIInterfaceOrientationLandscapeLeft UIInterfaceOrientationLandscapeRight";
				INFOPLIST_KEY_UISupportedInterfaceOrientations_iPhone = "UIInterfaceOrientationPortrait UIInterfaceOrientationLandscapeLeft UIInterfaceOrientationLandscapeRight";
				LD_RUNPATH_SEARCH_PATHS = (
					"$(inherited)",
					"@executable_path/Frameworks",
				);
				MARKETING_VERSION = 1.0;
				PRODUCT_BUNDLE_IDENTIFIER = com.eyuphanakkaya.googleSearchPlace;
				PRODUCT_NAME = "$(TARGET_NAME)";
				SWIFT_EMIT_LOC_STRINGS = YES;
				SWIFT_VERSION = 5.0;
				TARGETED_DEVICE_FAMILY = "1,2";
			};
			name = Debug;
		};
		A491E4052A42FE1F00829A6D /* Release */ = {
			isa = XCBuildConfiguration;
			buildSettings = {
				ASSETCATALOG_COMPILER_APPICON_NAME = AppIcon;
				ASSETCATALOG_COMPILER_GLOBAL_ACCENT_COLOR_NAME = AccentColor;
				CODE_SIGN_STYLE = Automatic;
				CURRENT_PROJECT_VERSION = 1;
				DEVELOPMENT_TEAM = NF9R7KNMC7;
				GENERATE_INFOPLIST_FILE = YES;
				INFOPLIST_FILE = googleSearchPlace/Info.plist;
				INFOPLIST_KEY_UIApplicationSupportsIndirectInputEvents = YES;
				INFOPLIST_KEY_UILaunchStoryboardName = LaunchScreen;
				INFOPLIST_KEY_UIMainStoryboardFile = Main;
				INFOPLIST_KEY_UISupportedInterfaceOrientations_iPad = "UIInterfaceOrientationPortrait UIInterfaceOrientationPortraitUpsideDown UIInterfaceOrientationLandscapeLeft UIInterfaceOrientationLandscapeRight";
				INFOPLIST_KEY_UISupportedInterfaceOrientations_iPhone = "UIInterfaceOrientationPortrait UIInterfaceOrientationLandscapeLeft UIInterfaceOrientationLandscapeRight";
				LD_RUNPATH_SEARCH_PATHS = (
					"$(inherited)",
					"@executable_path/Frameworks",
				);
				MARKETING_VERSION = 1.0;
				PRODUCT_BUNDLE_IDENTIFIER = com.eyuphanakkaya.googleSearchPlace;
				PRODUCT_NAME = "$(TARGET_NAME)";
				SWIFT_EMIT_LOC_STRINGS = YES;
				SWIFT_VERSION = 5.0;
				TARGETED_DEVICE_FAMILY = "1,2";
			};
			name = Release;
		};
/* End XCBuildConfiguration section */

/* Begin XCConfigurationList section */
		A491E3EA2A42FE1E00829A6D /* Build configuration list for PBXProject "googleSearchPlace" */ = {
			isa = XCConfigurationList;
			buildConfigurations = (
				A491E4012A42FE1F00829A6D /* Debug */,
				A491E4022A42FE1F00829A6D /* Release */,
			);
			defaultConfigurationIsVisible = 0;
			defaultConfigurationName = Release;
		};
		A491E4032A42FE1F00829A6D /* Build configuration list for PBXNativeTarget "googleSearchPlace" */ = {
			isa = XCConfigurationList;
			buildConfigurations = (
				A491E4042A42FE1F00829A6D /* Debug */,
				A491E4052A42FE1F00829A6D /* Release */,
			);
			defaultConfigurationIsVisible = 0;
			defaultConfigurationName = Release;
		};
/* End XCConfigurationList section */
	};
	rootObject = A491E3E72A42FE1E00829A6D /* Project object */;
}
